
Microsoft Visual Studio Solution File, Format Version 12.00
# Visual Studio 2013
VisualStudioVersion = 12.0.21005.1
MinimumVisualStudioVersion = 10.0.40219.1
Project("{FAE04EC0-301F-11D3-BF4B-00C04F79EFBC}") = "ivs-event-client", "ivs-event-client\ivs-event-client.csproj", "{C03B021B-0090-4E07-92ED-E7B6217671FF}"
EndProject
Project("{FAE04EC0-301F-11D3-BF4B-00C04F79EFBC}") = "ivs-event-server", "ivs-event-server\ivs-event-server.csproj", "{52CB91F0-7EFE-4ACB-B87D-9EE3F60C88FC}"
EndProject
Project("{2150E333-8FDC-42A3-9474-1A3956D46DE8}") = ".nuget", ".nuget", "{5C505B95-18E5-434E-95AA-F17D7CC13FCE}"
	ProjectSection(SolutionItems) = preProject
		.nuget\packages.config = .nuget\packages.config
	EndProjectSection
EndProject
Project("{FAE04EC0-301F-11D3-BF4B-00C04F79EFBC}") = "suresecure-ivs-sdk", "suresecure-ivs-sdk\suresecure-ivs-sdk.csproj", "{A8E329E4-3873-420D-A189-3B4477620BFA}"
EndProject
Global
	GlobalSection(SolutionConfigurationPlatforms) = preSolution
		Debug|Any CPU = Debug|Any CPU
		Release|Any CPU = Release|Any CPU
	EndGlobalSection
	GlobalSection(ProjectConfigurationPlatforms) = postSolution
		{C03B021B-0090-4E07-92ED-E7B6217671FF}.Debug|Any CPU.ActiveCfg = Debug|Any CPU
		{C03B021B-0090-4E07-92ED-E7B6217671FF}.Debug|Any CPU.Build.0 = Debug|Any CPU
		{C03B021B-0090-4E07-92ED-E7B6217671FF}.Release|Any CPU.ActiveCfg = Release|Any CPU
		{C03B021B-0090-4E07-92ED-E7B6217671FF}.Release|Any CPU.Build.0 = Release|Any CPU
		{52CB91F0-7EFE-4ACB-B87D-9EE3F60C88FC}.Debug|Any CPU.ActiveCfg = Debug|Any CPU
		{52CB91F0-7EFE-4ACB-B87D-9EE3F60C88FC}.Debug|Any CPU.Build.0 = Debug|Any CPU
		{52CB91F0-7EFE-4ACB-B87D-9EE3F60C88FC}.Release|Any CPU.ActiveCfg = Release|Any CPU
		{52CB91F0-7EFE-4ACB-B87D-9EE3F60C88FC}.Release|Any CPU.Build.0 = Release|Any CPU
		{A8E329E4-3873-420D-A189-3B4477620BFA}.Debug|Any CPU.ActiveCfg = Debug|Any CPU
		{A8E329E4-3873-420D-A189-3B4477620BFA}.Debug|Any CPU.Build.0 = Debug|Any CPU
		{A8E329E4-3873-420D-A189-3B4477620BFA}.Release|Any CPU.ActiveCfg = Release|Any CPU
		{A8E329E4-3873-420D-A189-3B4477620BFA}.Release|Any CPU.Build.0 = Release|Any CPU
	EndGlobalSection
	GlobalSection(SolutionProperties) = preSolution
		HideSolutionNode = FALSE
	EndGlobalSection
EndGlobal
